{
  "name": "music-video",
  "lockfileVersion": 3,
  "requires": true,
  "packages": {
    "": {
      "dependencies": {
        "mui-player": "^1.8.0"
      }
    },
    "node_modules/mui-player": {
      "version": "1.8.0",
      "resolved": "https://registry.npmjs.org/mui-player/-/mui-player-1.8.0.tgz",
      "integrity": "sha512-SF4IyA+FyCPyQ/HR7zcU7zn89j1NU8G+thgZ0+AqtIgukNxz5uPR3iLYirQdsuM/qNX7f84xll+aLW1OIJn6Xw=="
    }
  }
}
