# THIS IS AN AUTOGENERATED FILE. DO NOT EDIT THIS FILE DIRECTLY.
# yarn lockfile v1


mui-player@^1.8.0:
  version "1.8.0"
  resolved "https://registry.yarnpkg.com/mui-player/-/mui-player-1.8.0.tgz#4bd53842c9a22d687571caf7413bb33a70c04d24"
  integrity sha512-SF4IyA+FyCPyQ/HR7zcU7zn89j1NU8G+thgZ0+AqtIgukNxz5uPR3iLYirQdsuM/qNX7f84xll+aLW1OIJn6Xw==
